
Microsoft Visual Studio Solution File, Format Version 12.00
# Visual Studio Version 17
VisualStudioVersion = 17.14.36518.9 d17.14
MinimumVisualStudioVersion = 10.0.40219.1
Project("{FAE04EC0-301F-11D3-BF4B-00C04F79EFBC}") = "func-mrodriguez-portfolio", "func-mrodriguez-portfolio.csproj", "{67BF30B2-AFCF-40C4-A797-D5A8A93E3CE3}"
EndProject
Global
	GlobalSection(SolutionConfigurationPlatforms) = preSolution
		Debug|Any CPU = Debug|Any CPU
		Release|Any CPU = Release|Any CPU
	EndGlobalSection
	GlobalSection(ProjectConfigurationPlatforms) = postSolution
		{67BF30B2-AFCF-40C4-A797-D5A8A93E3CE3}.Debug|Any CPU.ActiveCfg = Debug|Any CPU
		{67BF30B2-AFCF-40C4-A797-D5A8A93E3CE3}.Debug|Any CPU.Build.0 = Debug|Any CPU
		{67BF30B2-AFCF-40C4-A797-D5A8A93E3CE3}.Release|Any CPU.ActiveCfg = Release|Any CPU
		{67BF30B2-AFCF-40C4-A797-D5A8A93E3CE3}.Release|Any CPU.Build.0 = Release|Any CPU
	EndGlobalSection
	GlobalSection(SolutionProperties) = preSolution
		HideSolutionNode = FALSE
	EndGlobalSection
	GlobalSection(ExtensibilityGlobals) = postSolution
		SolutionGuid = {13E260AC-70B3-4567-BDB1-C0701F54CF17}
	EndGlobalSection
EndGlobal
